
Microsoft Visual Studio Solution File, Format Version 12.00
# Visual Studio 15
Project("{FAE04EC0-301F-11D3-BF4B-00C04F79EFBC}") = "Assembly-CSharp", "Assembly-CSharp.csproj", "{264BAA02-5D0E-5A58-2ADA-CB29946C533B}"
EndProject
Global
	GlobalSection(SolutionConfigurationPlatforms) = preSolution
		Debug|Any CPU = Debug|Any CPU
		Release|Any CPU = Release|Any CPU
	EndGlobalSection
	GlobalSection(ProjectConfigurationPlatforms) = postSolution
		{264BAA02-5D0E-5A58-2ADA-CB29946C533B}.Debug|Any CPU.ActiveCfg = Debug|Any CPU
		{264BAA02-5D0E-5A58-2ADA-CB29946C533B}.Debug|Any CPU.Build.0 = Debug|Any CPU
		{264BAA02-5D0E-5A58-2ADA-CB29946C533B}.Release|Any CPU.ActiveCfg = Release|Any CPU
		{264BAA02-5D0E-5A58-2ADA-CB29946C533B}.Release|Any CPU.Build.0 = Release|Any CPU
	EndGlobalSection
	GlobalSection(SolutionProperties) = preSolution
		HideSolutionNode = FALSE
	EndGlobalSection
EndGlobal
